// !$*UTF8*$!
{
	archiveVersion = 1;
	classes = {
	};
	objectVersion = 45;
	objects = {

/* Begin PBXBuildFile section */
		1D3623260D0F684500981E51 /* AppDelegate_iPad.m in Sources */ = {isa = PBXBuildFile; fileRef = 1D3623250D0F684500981E51 /* AppDelegate_iPad.m */; };
		1D60589B0D05DD56006BFB54 /* main.m in Sources */ = {isa = PBXBuildFile; fileRef = 29B97316FDCFA39411CA2CEA /* main.m */; };
		1D60589F0D05DD5A006BFB54 /* Foundation.framework in Frameworks */ = {isa = PBXBuildFile; fileRef = 1D30AB110D05D00D00671497 /* Foundation.framework */; };
		1DF5F4E00D08C38300B7A737 /* UIKit.framework in Frameworks */ = {isa = PBXBuildFile; fileRef = 1DF5F4DF0D08C38300B7A737 /* UIKit.framework */; };
		2819307D112F81BE00ECF9B4 /* swypPhotos.xcdatamodeld in Sources */ = {isa = PBXBuildFile; fileRef = 2819307C112F81BE00ECF9B4 /* swypPhotos.xcdatamodeld */; };
		2860E38A111B897F00E27156 /* AppDelegate_iPhone.m in Sources */ = {isa = PBXBuildFile; fileRef = 2860E388111B897F00E27156 /* AppDelegate_iPhone.m */; };
		2860E38B111B897F00E27156 /* MainWindow_iPhone.xib in Resources */ = {isa = PBXBuildFile; fileRef = 2860E389111B897F00E27156 /* MainWindow_iPhone.xib */; };
		288765FD0DF74451002DB57D /* CoreGraphics.framework in Frameworks */ = {isa = PBXBuildFile; fileRef = 288765FC0DF74451002DB57D /* CoreGraphics.framework */; };
		28AD733F0D9D9553002E5188 /* MainWindow_iPad.xib in Resources */ = {isa = PBXBuildFile; fileRef = 28AD733E0D9D9553002E5188 /* MainWindow_iPad.xib */; };
		28EEBFDD1118E19E00187D67 /* CoreData.framework in Frameworks */ = {isa = PBXBuildFile; fileRef = 28EEBFDC1118E19E00187D67 /* CoreData.framework */; };
		28EEC04B1118E28000187D67 /* AppDelegate_Shared.m in Sources */ = {isa = PBXBuildFile; fileRef = 28EEC04A1118E28000187D67 /* AppDelegate_Shared.m */; };
		792D5BE514153EBA0050DF57 /* swypPhotosIconHuge.png in Resources */ = {isa = PBXBuildFile; fileRef = 792D5BE414153EBA0050DF57 /* swypPhotosIconHuge.png */; };
		792D5C2E14167BC10050DF57 /* swypPhotosStylizedIconHuge.png in Resources */ = {isa = PBXBuildFile; fileRef = 792D5C2D14167BC10050DF57 /* swypPhotosStylizedIconHuge.png */; };
		79349760144498730059989F /* selectPhotoViewController.m in Sources */ = {isa = PBXBuildFile; fileRef = 7934975F144498730059989F /* selectPhotoViewController.m */; };
		7951A250148B07DB003548AC /* ELCAlbumPickerController.m in Sources */ = {isa = PBXBuildFile; fileRef = 7951A23D148B07DB003548AC /* ELCAlbumPickerController.m */; };
		7951A251148B07DB003548AC /* ELCAlbumPickerController.xib in Resources */ = {isa = PBXBuildFile; fileRef = 7951A23E148B07DB003548AC /* ELCAlbumPickerController.xib */; };
		7951A252148B07DB003548AC /* ELCAsset.m in Sources */ = {isa = PBXBuildFile; fileRef = 7951A240148B07DB003548AC /* ELCAsset.m */; };
		7951A253148B07DB003548AC /* ELCAssetCell.m in Sources */ = {isa = PBXBuildFile; fileRef = 7951A242148B07DB003548AC /* ELCAssetCell.m */; };
		7951A254148B07DB003548AC /* ELCAssetPicker.xib in Resources */ = {isa = PBXBuildFile; fileRef = 7951A243148B07DB003548AC /* ELCAssetPicker.xib */; };
		7951A255148B07DB003548AC /* ELCAssetTablePicker.m in Sources */ = {isa = PBXBuildFile; fileRef = 7951A245148B07DB003548AC /* ELCAssetTablePicker.m */; };
		7951A256148B07DB003548AC /* ELCAssetTablePicker.xib in Resources */ = {isa = PBXBuildFile; fileRef = 7951A246148B07DB003548AC /* ELCAssetTablePicker.xib */; };
		7951A257148B07DB003548AC /* ELCImagePickerController.m in Sources */ = {isa = PBXBuildFile; fileRef = 7951A248148B07DB003548AC /* ELCImagePickerController.m */; };
		7951A258148B07DB003548AC /* ELCImagePickerController.xib in Resources */ = {isa = PBXBuildFile; fileRef = 7951A249148B07DB003548AC /* ELCImagePickerController.xib */; };
		7951A259148B07DB003548AC /* ELCImagePickerDemoAppDelegate.m in Sources */ = {isa = PBXBuildFile; fileRef = 7951A24B148B07DB003548AC /* ELCImagePickerDemoAppDelegate.m */; };
		7951A25A148B07DB003548AC /* ELCImagePickerDemoViewController.m in Sources */ = {isa = PBXBuildFile; fileRef = 7951A24D148B07DB003548AC /* ELCImagePickerDemoViewController.m */; };
		7951A25B148B07DB003548AC /* Overlay.png in Resources */ = {isa = PBXBuildFile; fileRef = 7951A24E148B07DB003548AC /* Overlay.png */; };
		7951A25C148B07DB003548AC /* Overlay@2x.png in Resources */ = {isa = PBXBuildFile; fileRef = 7951A24F148B07DB003548AC /* Overlay@2x.png */; };
		7951A260148B08C4003548AC /* libswyp.a in Frameworks */ = {isa = PBXBuildFile; fileRef = 7951A234148B06DF003548AC /* libswyp.a */; };
		797D7000143D04340086D446 /* swypIPhonePromptHud.png in Resources */ = {isa = PBXBuildFile; fileRef = 797D6FFF143D04340086D446 /* swypIPhonePromptHud.png */; };
		79B6E0471441F94900CF0A28 /* UIViewAdditions.m in Sources */ = {isa = PBXBuildFile; fileRef = 79B6E0461441F94800CF0A28 /* UIViewAdditions.m */; };
		79B6E04C14426C3B00CF0A28 /* QuartzCore.framework in Frameworks */ = {isa = PBXBuildFile; fileRef = 79B6E04B14426C3B00CF0A28 /* QuartzCore.framework */; };
		79BDC494145A0B9E009C3541 /* Security.framework in Frameworks */ = {isa = PBXBuildFile; fileRef = 79BDC493145A0B9E009C3541 /* Security.framework */; };
		79BDC496145A0C2E009C3541 /* CFNetwork.framework in Frameworks */ = {isa = PBXBuildFile; fileRef = 79BDC495145A0C2E009C3541 /* CFNetwork.framework */; };
		79BE43A4147B1C81004E8903 /* bluetooth-logo-disabled.png in Resources */ = {isa = PBXBuildFile; fileRef = 79BE439C147B1C81004E8903 /* bluetooth-logo-disabled.png */; };
		79BE43A5147B1C81004E8903 /* bluetooth-logo-disabled@2x.png in Resources */ = {isa = PBXBuildFile; fileRef = 79BE439D147B1C81004E8903 /* bluetooth-logo-disabled@2x.png */; };
		79BE43A6147B1C81004E8903 /* bluetooth-logo-enabled.png in Resources */ = {isa = PBXBuildFile; fileRef = 79BE439E147B1C81004E8903 /* bluetooth-logo-enabled.png */; };
		79BE43A7147B1C81004E8903 /* bluetooth-logo-enabled@2x.png in Resources */ = {isa = PBXBuildFile; fileRef = 79BE439F147B1C81004E8903 /* bluetooth-logo-enabled@2x.png */; };
		79BE43A9147B1C81004E8903 /* wifi-logo-disabled@2x.png in Resources */ = {isa = PBXBuildFile; fileRef = 79BE43A1147B1C81004E8903 /* wifi-logo-disabled@2x.png */; };
		79BE43AA147B1C81004E8903 /* wifi-logo-enabled.png in Resources */ = {isa = PBXBuildFile; fileRef = 79BE43A2147B1C81004E8903 /* wifi-logo-enabled.png */; };
		79BE43AB147B1C81004E8903 /* wifi-logo-enabled@2x.png in Resources */ = {isa = PBXBuildFile; fileRef = 79BE43A3147B1C81004E8903 /* wifi-logo-enabled@2x.png */; };
		79BE43AD147B2AF8004E8903 /* wifi-logo-disabled.png in Resources */ = {isa = PBXBuildFile; fileRef = 79BE43AC147B2AF8004E8903 /* wifi-logo-disabled.png */; };
		79C50A60148B09FE000FDCA1 /* AssetsLibrary.framework in Frameworks */ = {isa = PBXBuildFile; fileRef = 79C50A5F148B09FE000FDCA1 /* AssetsLibrary.framework */; };
		79C50A63148B0AD2000FDCA1 /* grabPhotosViewController.m in Sources */ = {isa = PBXBuildFile; fileRef = 79C50A62148B0AD2000FDCA1 /* grabPhotosViewController.m */; };
		79C50A6A148C1C87000FDCA1 /* swypTiledContentNextPageImage.png in Resources */ = {isa = PBXBuildFile; fileRef = 79C50A68148C1C87000FDCA1 /* swypTiledContentNextPageImage.png */; };
		79C50A6B148C1C87000FDCA1 /* swypTiledContentPreviousPageImage.png in Resources */ = {isa = PBXBuildFile; fileRef = 79C50A69148C1C87000FDCA1 /* swypTiledContentPreviousPageImage.png */; };
		79C50A6E148C2362000FDCA1 /* cameraEnabledAlbumPickerController.m in Sources */ = {isa = PBXBuildFile; fileRef = 79C50A6D148C2362000FDCA1 /* cameraEnabledAlbumPickerController.m */; };
		79C6E1701438EB6200920C64 /* swypDraftIcon57.png in Resources */ = {isa = PBXBuildFile; fileRef = 79C6E16F1438EB6200920C64 /* swypDraftIcon57.png */; };
		79C6E1721438EB7100920C64 /* swypDraftIcon114.png in Resources */ = {isa = PBXBuildFile; fileRef = 79C6E1711438EB7100920C64 /* swypDraftIcon114.png */; };
		79C6E1741438EB9800920C64 /* swypDraftIcon72.png in Resources */ = {isa = PBXBuildFile; fileRef = 79C6E1731438EB9800920C64 /* swypDraftIcon72.png */; };
/* End PBXBuildFile section */

/* Begin PBXContainerItemProxy section */
		7951A233148B06DF003548AC /* PBXContainerItemProxy */ = {
			isa = PBXContainerItemProxy;
			containerPortal = 790A5FB414776CBF00E080EE /* swyp.xcodeproj */;
			proxyType = 2;
			remoteGlobalIDString = D2AAC07E0554694100DB518D;
			remoteInfo = swyp;
		};
		7951A25D148B0821003548AC /* PBXContainerItemProxy */ = {
			isa = PBXContainerItemProxy;
			containerPortal = 790A5FB414776CBF00E080EE /* swyp.xcodeproj */;
			proxyType = 1;
			remoteGlobalIDString = D2AAC07D0554694100DB518D;
			remoteInfo = swyp;
		};
/* End PBXContainerItemProxy section */

/* Begin PBXFileReference section */
		1D30AB110D05D00D00671497 /* Foundation.framework */ = {isa = PBXFileReference; lastKnownFileType = wrapper.framework; name = Foundation.framework; path = System/Library/Frameworks/Foundation.framework; sourceTree = SDKROOT; };
		1D3623240D0F684500981E51 /* AppDelegate_iPad.h */ = {isa = PBXFileReference; fileEncoding = 4; lastKnownFileType = sourcecode.c.h; name = AppDelegate_iPad.h; path = iPad/AppDelegate_iPad.h; sourceTree = "<group>"; };
		1D3623250D0F684500981E51 /* AppDelegate_iPad.m */ = {isa = PBXFileReference; fileEncoding = 4; lastKnownFileType = sourcecode.c.objc; name = AppDelegate_iPad.m; path = iPad/AppDelegate_iPad.m; sourceTree = "<group>"; };
		1D6058910D05DD3D006BFB54 /* swypPhotos.app */ = {isa = PBXFileReference; explicitFileType = wrapper.application; includeInIndex = 0; path = swypPhotos.app; sourceTree = BUILT_PRODUCTS_DIR; };
		1DF5F4DF0D08C38300B7A737 /* UIKit.framework */ = {isa = PBXFileReference; lastKnownFileType = wrapper.framework; name = UIKit.framework; path = System/Library/Frameworks/UIKit.framework; sourceTree = SDKROOT; };
		2860E387111B897F00E27156 /* AppDelegate_iPhone.h */ = {isa = PBXFileReference; fileEncoding = 4; lastKnownFileType = sourcecode.c.h; path = AppDelegate_iPhone.h; sourceTree = "<group>"; };
		2860E388111B897F00E27156 /* AppDelegate_iPhone.m */ = {isa = PBXFileReference; fileEncoding = 4; lastKnownFileType = sourcecode.c.objc; path = AppDelegate_iPhone.m; sourceTree = "<group>"; };
		2860E389111B897F00E27156 /* MainWindow_iPhone.xib */ = {isa = PBXFileReference; lastKnownFileType = file.xib; path = MainWindow_iPhone.xib; sourceTree = "<group>"; };
		2870939E111907710040F596 /* swypPhotos.xcdatamodel */ = {isa = PBXFileReference; fileEncoding = 4; lastKnownFileType = wrapper.xcdatamodel; path = swypPhotos.xcdatamodel; sourceTree = "<group>"; };
		288765FC0DF74451002DB57D /* CoreGraphics.framework */ = {isa = PBXFileReference; lastKnownFileType = wrapper.framework; name = CoreGraphics.framework; path = System/Library/Frameworks/CoreGraphics.framework; sourceTree = SDKROOT; };
		28AD733E0D9D9553002E5188 /* MainWindow_iPad.xib */ = {isa = PBXFileReference; lastKnownFileType = file.xib; name = MainWindow_iPad.xib; path = iPad/MainWindow_iPad.xib; sourceTree = "<group>"; };
		28EEBFDC1118E19E00187D67 /* CoreData.framework */ = {isa = PBXFileReference; lastKnownFileType = wrapper.framework; name = CoreData.framework; path = System/Library/Frameworks/CoreData.framework; sourceTree = SDKROOT; };
		28EEC0491118E28000187D67 /* AppDelegate_Shared.h */ = {isa = PBXFileReference; fileEncoding = 4; lastKnownFileType = sourcecode.c.h; name = AppDelegate_Shared.h; path = Shared/AppDelegate_Shared.h; sourceTree = "<group>"; };
		28EEC04A1118E28000187D67 /* AppDelegate_Shared.m */ = {isa = PBXFileReference; fileEncoding = 4; lastKnownFileType = sourcecode.c.objc; name = AppDelegate_Shared.m; path = Shared/AppDelegate_Shared.m; sourceTree = "<group>"; };
		29B97316FDCFA39411CA2CEA /* main.m */ = {isa = PBXFileReference; fileEncoding = 4; lastKnownFileType = sourcecode.c.objc; name = main.m; path = Shared/main.m; sourceTree = "<group>"; };
		32CA4F630368D1EE00C91783 /* swypPhotos_Prefix.pch */ = {isa = PBXFileReference; fileEncoding = 4; lastKnownFileType = sourcecode.c.h; path = swypPhotos_Prefix.pch; sourceTree = "<group>"; };
		790A5FB414776CBF00E080EE /* swyp.xcodeproj */ = {isa = PBXFileReference; lastKnownFileType = "wrapper.pb-project"; name = swyp.xcodeproj; path = ../lib/swyp/libSwyp/swyp.xcodeproj; sourceTree = "<group>"; };
		792D5BE414153EBA0050DF57 /* swypPhotosIconHuge.png */ = {isa = PBXFileReference; lastKnownFileType = image.png; name = swypPhotosIconHuge.png; path = ../resource/swypPhotosIconHuge.png; sourceTree = "<group>"; };
		792D5C2D14167BC10050DF57 /* swypPhotosStylizedIconHuge.png */ = {isa = PBXFileReference; lastKnownFileType = image.png; name = swypPhotosStylizedIconHuge.png; path = ../resource/swypPhotosStylizedIconHuge.png; sourceTree = "<group>"; };
		7934975E144498730059989F /* selectPhotoViewController.h */ = {isa = PBXFileReference; fileEncoding = 4; lastKnownFileType = sourcecode.c.h; name = selectPhotoViewController.h; path = ../Shared/selectPhotoViewController.h; sourceTree = "<group>"; };
		7934975F144498730059989F /* selectPhotoViewController.m */ = {isa = PBXFileReference; fileEncoding = 4; lastKnownFileType = sourcecode.c.objc; name = selectPhotoViewController.m; path = ../Shared/selectPhotoViewController.m; sourceTree = "<group>"; };
		7951A23C148B07DB003548AC /* ELCAlbumPickerController.h */ = {isa = PBXFileReference; fileEncoding = 4; lastKnownFileType = sourcecode.c.h; path = ELCAlbumPickerController.h; sourceTree = "<group>"; };
		7951A23D148B07DB003548AC /* ELCAlbumPickerController.m */ = {isa = PBXFileReference; fileEncoding = 4; lastKnownFileType = sourcecode.c.objc; path = ELCAlbumPickerController.m; sourceTree = "<group>"; };
		7951A23E148B07DB003548AC /* ELCAlbumPickerController.xib */ = {isa = PBXFileReference; fileEncoding = 4; lastKnownFileType = file.xib; path = ELCAlbumPickerController.xib; sourceTree = "<group>"; };
		7951A23F148B07DB003548AC /* ELCAsset.h */ = {isa = PBXFileReference; fileEncoding = 4; lastKnownFileType = sourcecode.c.h; path = ELCAsset.h; sourceTree = "<group>"; };
		7951A240148B07DB003548AC /* ELCAsset.m */ = {isa = PBXFileReference; fileEncoding = 4; lastKnownFileType = sourcecode.c.objc; path = ELCAsset.m; sourceTree = "<group>"; };
		7951A241148B07DB003548AC /* ELCAssetCell.h */ = {isa = PBXFileReference; fileEncoding = 4; lastKnownFileType = sourcecode.c.h; path = ELCAssetCell.h; sourceTree = "<group>"; };
		7951A242148B07DB003548AC /* ELCAssetCell.m */ = {isa = PBXFileReference; fileEncoding = 4; lastKnownFileType = sourcecode.c.objc; path = ELCAssetCell.m; sourceTree = "<group>"; };
		7951A243148B07DB003548AC /* ELCAssetPicker.xib */ = {isa = PBXFileReference; fileEncoding = 4; lastKnownFileType = file.xib; path = ELCAssetPicker.xib; sourceTree = "<group>"; };
		7951A244148B07DB003548AC /* ELCAssetTablePicker.h */ = {isa = PBXFileReference; fileEncoding = 4; lastKnownFileType = sourcecode.c.h; path = ELCAssetTablePicker.h; sourceTree = "<group>"; };
		7951A245148B07DB003548AC /* ELCAssetTablePicker.m */ = {isa = PBXFileReference; fileEncoding = 4; lastKnownFileType = sourcecode.c.objc; path = ELCAssetTablePicker.m; sourceTree = "<group>"; };
		7951A246148B07DB003548AC /* ELCAssetTablePicker.xib */ = {isa = PBXFileReference; fileEncoding = 4; lastKnownFileType = file.xib; path = ELCAssetTablePicker.xib; sourceTree = "<group>"; };
		7951A247148B07DB003548AC /* ELCImagePickerController.h */ = {isa = PBXFileReference; fileEncoding = 4; lastKnownFileType = sourcecode.c.h; path = ELCImagePickerController.h; sourceTree = "<group>"; };
		7951A248148B07DB003548AC /* ELCImagePickerController.m */ = {isa = PBXFileReference; fileEncoding = 4; lastKnownFileType = sourcecode.c.objc; path = ELCImagePickerController.m; sourceTree = "<group>"; };
		7951A249148B07DB003548AC /* ELCImagePickerController.xib */ = {isa = PBXFileReference; fileEncoding = 4; lastKnownFileType = file.xib; path = ELCImagePickerController.xib; sourceTree = "<group>"; };
		7951A24A148B07DB003548AC /* ELCImagePickerDemoAppDelegate.h */ = {isa = PBXFileReference; fileEncoding = 4; lastKnownFileType = sourcecode.c.h; path = ELCImagePickerDemoAppDelegate.h; sourceTree = "<group>"; };
		7951A24B148B07DB003548AC /* ELCImagePickerDemoAppDelegate.m */ = {isa = PBXFileReference; fileEncoding = 4; lastKnownFileType = sourcecode.c.objc; path = ELCImagePickerDemoAppDelegate.m; sourceTree = "<group>"; };
		7951A24C148B07DB003548AC /* ELCImagePickerDemoViewController.h */ = {isa = PBXFileReference; fileEncoding = 4; lastKnownFileType = sourcecode.c.h; path = ELCImagePickerDemoViewController.h; sourceTree = "<group>"; };
		7951A24D148B07DB003548AC /* ELCImagePickerDemoViewController.m */ = {isa = PBXFileReference; fileEncoding = 4; lastKnownFileType = sourcecode.c.objc; path = ELCImagePickerDemoViewController.m; sourceTree = "<group>"; };
		7951A24E148B07DB003548AC /* Overlay.png */ = {isa = PBXFileReference; lastKnownFileType = image.png; path = Overlay.png; sourceTree = "<group>"; };
		7951A24F148B07DB003548AC /* Overlay@2x.png */ = {isa = PBXFileReference; lastKnownFileType = image.png; path = "Overlay@2x.png"; sourceTree = "<group>"; };
		797D6FFF143D04340086D446 /* swypIPhonePromptHud.png */ = {isa = PBXFileReference; lastKnownFileType = image.png; path = swypIPhonePromptHud.png; sourceTree = "<group>"; };
		79B6E0451441F94800CF0A28 /* UIViewAdditions.h */ = {isa = PBXFileReference; fileEncoding = 4; lastKnownFileType = sourcecode.c.h; name = UIViewAdditions.h; path = ../Shared/UIViewAdditions.h; sourceTree = "<group>"; };
		79B6E0461441F94800CF0A28 /* UIViewAdditions.m */ = {isa = PBXFileReference; fileEncoding = 4; lastKnownFileType = sourcecode.c.objc; name = UIViewAdditions.m; path = ../Shared/UIViewAdditions.m; sourceTree = "<group>"; };
		79B6E04B14426C3B00CF0A28 /* QuartzCore.framework */ = {isa = PBXFileReference; lastKnownFileType = wrapper.framework; name = QuartzCore.framework; path = System/Library/Frameworks/QuartzCore.framework; sourceTree = SDKROOT; };
		79BDC493145A0B9E009C3541 /* Security.framework */ = {isa = PBXFileReference; lastKnownFileType = wrapper.framework; name = Security.framework; path = System/Library/Frameworks/Security.framework; sourceTree = SDKROOT; };
		79BDC495145A0C2E009C3541 /* CFNetwork.framework */ = {isa = PBXFileReference; lastKnownFileType = wrapper.framework; name = CFNetwork.framework; path = System/Library/Frameworks/CFNetwork.framework; sourceTree = SDKROOT; };
		79BE439C147B1C81004E8903 /* bluetooth-logo-disabled.png */ = {isa = PBXFileReference; lastKnownFileType = image.png; path = "bluetooth-logo-disabled.png"; sourceTree = "<group>"; };
		79BE439D147B1C81004E8903 /* bluetooth-logo-disabled@2x.png */ = {isa = PBXFileReference; lastKnownFileType = image.png; path = "bluetooth-logo-disabled@2x.png"; sourceTree = "<group>"; };
		79BE439E147B1C81004E8903 /* bluetooth-logo-enabled.png */ = {isa = PBXFileReference; lastKnownFileType = image.png; path = "bluetooth-logo-enabled.png"; sourceTree = "<group>"; };
		79BE439F147B1C81004E8903 /* bluetooth-logo-enabled@2x.png */ = {isa = PBXFileReference; lastKnownFileType = image.png; path = "bluetooth-logo-enabled@2x.png"; sourceTree = "<group>"; };
		79BE43A1147B1C81004E8903 /* wifi-logo-disabled@2x.png */ = {isa = PBXFileReference; lastKnownFileType = image.png; path = "wifi-logo-disabled@2x.png"; sourceTree = "<group>"; };
		79BE43A2147B1C81004E8903 /* wifi-logo-enabled.png */ = {isa = PBXFileReference; lastKnownFileType = image.png; path = "wifi-logo-enabled.png"; sourceTree = "<group>"; };
		79BE43A3147B1C81004E8903 /* wifi-logo-enabled@2x.png */ = {isa = PBXFileReference; lastKnownFileType = image.png; path = "wifi-logo-enabled@2x.png"; sourceTree = "<group>"; };
		79BE43AC147B2AF8004E8903 /* wifi-logo-disabled.png */ = {isa = PBXFileReference; lastKnownFileType = image.png; path = "wifi-logo-disabled.png"; sourceTree = "<group>"; };
		79C50A5F148B09FE000FDCA1 /* AssetsLibrary.framework */ = {isa = PBXFileReference; lastKnownFileType = wrapper.framework; name = AssetsLibrary.framework; path = System/Library/Frameworks/AssetsLibrary.framework; sourceTree = SDKROOT; };
		79C50A61148B0AD2000FDCA1 /* grabPhotosViewController.h */ = {isa = PBXFileReference; fileEncoding = 4; lastKnownFileType = sourcecode.c.h; name = grabPhotosViewController.h; path = Shared/grabPhotosViewController.h; sourceTree = SOURCE_ROOT; };
		79C50A62148B0AD2000FDCA1 /* grabPhotosViewController.m */ = {isa = PBXFileReference; fileEncoding = 4; lastKnownFileType = sourcecode.c.objc; name = grabPhotosViewController.m; path = Shared/grabPhotosViewController.m; sourceTree = SOURCE_ROOT; };
		79C50A68148C1C87000FDCA1 /* swypTiledContentNextPageImage.png */ = {isa = PBXFileReference; lastKnownFileType = image.png; path = swypTiledContentNextPageImage.png; sourceTree = "<group>"; };
		79C50A69148C1C87000FDCA1 /* swypTiledContentPreviousPageImage.png */ = {isa = PBXFileReference; lastKnownFileType = image.png; path = swypTiledContentPreviousPageImage.png; sourceTree = "<group>"; };
		79C50A6C148C2361000FDCA1 /* cameraEnabledAlbumPickerController.h */ = {isa = PBXFileReference; fileEncoding = 4; lastKnownFileType = sourcecode.c.h; path = cameraEnabledAlbumPickerController.h; sourceTree = "<group>"; };
		79C50A6D148C2362000FDCA1 /* cameraEnabledAlbumPickerController.m */ = {isa = PBXFileReference; fileEncoding = 4; lastKnownFileType = sourcecode.c.objc; path = cameraEnabledAlbumPickerController.m; sourceTree = "<group>"; };
		79C6E16F1438EB6200920C64 /* swypDraftIcon57.png */ = {isa = PBXFileReference; lastKnownFileType = image.png; name = swypDraftIcon57.png; path = ../resource/swypDraftIcon57.png; sourceTree = "<group>"; };
		79C6E1711438EB7100920C64 /* swypDraftIcon114.png */ = {isa = PBXFileReference; lastKnownFileType = image.png; name = swypDraftIcon114.png; path = ../resource/swypDraftIcon114.png; sourceTree = "<group>"; };
		79C6E1731438EB9800920C64 /* swypDraftIcon72.png */ = {isa = PBXFileReference; lastKnownFileType = image.png; name = swypDraftIcon72.png; path = ../resource/swypDraftIcon72.png; sourceTree = "<group>"; };
		8D1107310486CEB800E47090 /* swypPhotos-Info.plist */ = {isa = PBXFileReference; fileEncoding = 4; lastKnownFileType = text.plist.xml; path = "swypPhotos-Info.plist"; plistStructureDefinitionIdentifier = "com.apple.xcode.plist.structure-definition.iphone.info-plist"; sourceTree = "<group>"; };
/* End PBXFileReference section */

/* Begin PBXFrameworksBuildPhase section */
		1D60588F0D05DD3D006BFB54 /* Frameworks */ = {
			isa = PBXFrameworksBuildPhase;
			buildActionMask = 2147483647;
			files = (
				79C50A60148B09FE000FDCA1 /* AssetsLibrary.framework in Frameworks */,
				7951A260148B08C4003548AC /* libswyp.a in Frameworks */,
				1D60589F0D05DD5A006BFB54 /* Foundation.framework in Frameworks */,
				1DF5F4E00D08C38300B7A737 /* UIKit.framework in Frameworks */,
				288765FD0DF74451002DB57D /* CoreGraphics.framework in Frameworks */,
				28EEBFDD1118E19E00187D67 /* CoreData.framework in Frameworks */,
				79B6E04C14426C3B00CF0A28 /* QuartzCore.framework in Frameworks */,
				79BDC494145A0B9E009C3541 /* Security.framework in Frameworks */,
				79BDC496145A0C2E009C3541 /* CFNetwork.framework in Frameworks */,
			);
			runOnlyForDeploymentPostprocessing = 0;
		};
/* End PBXFrameworksBuildPhase section */

/* Begin PBXGroup section */
		19C28FACFE9D520D11CA2CBB /* Products */ = {
			isa = PBXGroup;
			children = (
				1D6058910D05DD3D006BFB54 /* swypPhotos.app */,
			);
			name = Products;
			sourceTree = "<group>";
		};
		2860E386111B897F00E27156 /* iPhone */ = {
			isa = PBXGroup;
			children = (
				2860E387111B897F00E27156 /* AppDelegate_iPhone.h */,
				2860E388111B897F00E27156 /* AppDelegate_iPhone.m */,
				2860E389111B897F00E27156 /* MainWindow_iPhone.xib */,
			);
			path = iPhone;
			sourceTree = "<group>";
		};
		28EEBF621118D79A00187D67 /* Shared */ = {
			isa = PBXGroup;
			children = (
				7951A23B148B07DB003548AC /* ELImagePickerController */,
				79B6DFE31441F1CE00CF0A28 /* User Interface */,
				2819307C112F81BE00ECF9B4 /* swypPhotos.xcdatamodeld */,
				28EEC0491118E28000187D67 /* AppDelegate_Shared.h */,
				28EEC04A1118E28000187D67 /* AppDelegate_Shared.m */,
				8D1107310486CEB800E47090 /* swypPhotos-Info.plist */,
			);
			name = Shared;
			sourceTree = "<group>";
		};
		29B97314FDCFA39411CA2CEA /* CustomTemplate */ = {
			isa = PBXGroup;
			children = (
				79C50A5F148B09FE000FDCA1 /* AssetsLibrary.framework */,
				790A5FB414776CBF00E080EE /* swyp.xcodeproj */,
				2860E386111B897F00E27156 /* iPhone */,
				29B97317FDCFA39411CA2CEA /* iPad */,
				28EEBF621118D79A00187D67 /* Shared */,
				680FCC8013E7697800509CF2 /* Resources */,
				29B97315FDCFA39411CA2CEA /* Other Sources */,
				29B97323FDCFA39411CA2CEA /* Frameworks */,
				19C28FACFE9D520D11CA2CBB /* Products */,
			);
			name = CustomTemplate;
			sourceTree = "<group>";
		};
		29B97315FDCFA39411CA2CEA /* Other Sources */ = {
			isa = PBXGroup;
			children = (
				32CA4F630368D1EE00C91783 /* swypPhotos_Prefix.pch */,
				29B97316FDCFA39411CA2CEA /* main.m */,
			);
			name = "Other Sources";
			sourceTree = "<group>";
		};
		29B97317FDCFA39411CA2CEA /* iPad */ = {
			isa = PBXGroup;
			children = (
				1D3623240D0F684500981E51 /* AppDelegate_iPad.h */,
				1D3623250D0F684500981E51 /* AppDelegate_iPad.m */,
				28AD733E0D9D9553002E5188 /* MainWindow_iPad.xib */,
			);
			name = iPad;
			sourceTree = "<group>";
		};
		29B97323FDCFA39411CA2CEA /* Frameworks */ = {
			isa = PBXGroup;
			children = (
				79BDC495145A0C2E009C3541 /* CFNetwork.framework */,
				79BDC493145A0B9E009C3541 /* Security.framework */,
				79B6E04B14426C3B00CF0A28 /* QuartzCore.framework */,
				1DF5F4DF0D08C38300B7A737 /* UIKit.framework */,
				1D30AB110D05D00D00671497 /* Foundation.framework */,
				288765FC0DF74451002DB57D /* CoreGraphics.framework */,
				28EEBFDC1118E19E00187D67 /* CoreData.framework */,
			);
			name = Frameworks;
			sourceTree = "<group>";
		};
		680FCC8013E7697800509CF2 /* Resources */ = {
			isa = PBXGroup;
			children = (
				797D6FFE143D04340086D446 /* swypBundleResources */,
				79C6E1731438EB9800920C64 /* swypDraftIcon72.png */,
				79C6E1711438EB7100920C64 /* swypDraftIcon114.png */,
				79C6E16F1438EB6200920C64 /* swypDraftIcon57.png */,
				792D5C2D14167BC10050DF57 /* swypPhotosStylizedIconHuge.png */,
				792D5BE414153EBA0050DF57 /* swypPhotosIconHuge.png */,
			);
			name = Resources;
			sourceTree = "<group>";
		};
		7951A230148B06DF003548AC /* Products */ = {
			isa = PBXGroup;
			children = (
				7951A234148B06DF003548AC /* libswyp.a */,
			);
			name = Products;
			sourceTree = "<group>";
		};
		7951A23B148B07DB003548AC /* ELImagePickerController */ = {
			isa = PBXGroup;
			children = (
				7951A23C148B07DB003548AC /* ELCAlbumPickerController.h */,
				7951A23D148B07DB003548AC /* ELCAlbumPickerController.m */,
				7951A23E148B07DB003548AC /* ELCAlbumPickerController.xib */,
				7951A23F148B07DB003548AC /* ELCAsset.h */,
				7951A240148B07DB003548AC /* ELCAsset.m */,
				7951A241148B07DB003548AC /* ELCAssetCell.h */,
				7951A242148B07DB003548AC /* ELCAssetCell.m */,
				7951A243148B07DB003548AC /* ELCAssetPicker.xib */,
				7951A244148B07DB003548AC /* ELCAssetTablePicker.h */,
				7951A245148B07DB003548AC /* ELCAssetTablePicker.m */,
				7951A246148B07DB003548AC /* ELCAssetTablePicker.xib */,
				7951A247148B07DB003548AC /* ELCImagePickerController.h */,
				7951A248148B07DB003548AC /* ELCImagePickerController.m */,
				7951A249148B07DB003548AC /* ELCImagePickerController.xib */,
				7951A24A148B07DB003548AC /* ELCImagePickerDemoAppDelegate.h */,
				7951A24B148B07DB003548AC /* ELCImagePickerDemoAppDelegate.m */,
				7951A24C148B07DB003548AC /* ELCImagePickerDemoViewController.h */,
				7951A24D148B07DB003548AC /* ELCImagePickerDemoViewController.m */,
				7951A24E148B07DB003548AC /* Overlay.png */,
				7951A24F148B07DB003548AC /* Overlay@2x.png */,
				79C50A6C148C2361000FDCA1 /* cameraEnabledAlbumPickerController.h */,
				79C50A6D148C2362000FDCA1 /* cameraEnabledAlbumPickerController.m */,
			);
			name = ELImagePickerController;
			path = ../lib/ELCImagePickerController/Classes;
			sourceTree = "<group>";
		};
		797D6FFE143D04340086D446 /* swypBundleResources */ = {
			isa = PBXGroup;
			children = (
				79C50A68148C1C87000FDCA1 /* swypTiledContentNextPageImage.png */,
				79C50A69148C1C87000FDCA1 /* swypTiledContentPreviousPageImage.png */,
				79BE439C147B1C81004E8903 /* bluetooth-logo-disabled.png */,
				79BE439D147B1C81004E8903 /* bluetooth-logo-disabled@2x.png */,
				79BE439E147B1C81004E8903 /* bluetooth-logo-enabled.png */,
				79BE439F147B1C81004E8903 /* bluetooth-logo-enabled@2x.png */,
				79BE43AC147B2AF8004E8903 /* wifi-logo-disabled.png */,
				79BE43A1147B1C81004E8903 /* wifi-logo-disabled@2x.png */,
				79BE43A2147B1C81004E8903 /* wifi-logo-enabled.png */,
				79BE43A3147B1C81004E8903 /* wifi-logo-enabled@2x.png */,
				797D6FFF143D04340086D446 /* swypIPhonePromptHud.png */,
			);
			name = swypBundleResources;
			path = ../lib/swyp/swypBundleResources;
			sourceTree = "<group>";
		};
		79B6DFE31441F1CE00CF0A28 /* User Interface */ = {
			isa = PBXGroup;
			children = (
				79C50A61148B0AD2000FDCA1 /* grabPhotosViewController.h */,
				79C50A62148B0AD2000FDCA1 /* grabPhotosViewController.m */,
				79B6E0451441F94800CF0A28 /* UIViewAdditions.h */,
				79B6E0461441F94800CF0A28 /* UIViewAdditions.m */,
				7934975E144498730059989F /* selectPhotoViewController.h */,
				7934975F144498730059989F /* selectPhotoViewController.m */,
			);
			name = "User Interface";
			path = iPhone;
			sourceTree = "<group>";
		};
/* End PBXGroup section */

/* Begin PBXNativeTarget section */
		1D6058900D05DD3D006BFB54 /* swypPhotos */ = {
			isa = PBXNativeTarget;
			buildConfigurationList = 1D6058960D05DD3E006BFB54 /* Build configuration list for PBXNativeTarget "swypPhotos" */;
			buildPhases = (
				1D60588D0D05DD3D006BFB54 /* Resources */,
				1D60588E0D05DD3D006BFB54 /* Sources */,
				1D60588F0D05DD3D006BFB54 /* Frameworks */,
			);
			buildRules = (
			);
			dependencies = (
				7951A25E148B0821003548AC /* PBXTargetDependency */,
			);
			name = swypPhotos;
			productName = swypPhotos;
			productReference = 1D6058910D05DD3D006BFB54 /* swypPhotos.app */;
			productType = "com.apple.product-type.application";
		};
/* End PBXNativeTarget section */

/* Begin PBXProject section */
		29B97313FDCFA39411CA2CEA /* Project object */ = {
			isa = PBXProject;
			attributes = {
				LastUpgradeCheck = 0410;
			};
			buildConfigurationList = C01FCF4E08A954540054247B /* Build configuration list for PBXProject "swypPhotos" */;
			compatibilityVersion = "Xcode 3.1";
			developmentRegion = English;
			hasScannedForEncodings = 1;
			knownRegions = (
				English,
				Japanese,
				French,
				German,
			);
			mainGroup = 29B97314FDCFA39411CA2CEA /* CustomTemplate */;
			projectDirPath = "";
			projectReferences = (
				{
					ProductGroup = 7951A230148B06DF003548AC /* Products */;
					ProjectRef = 790A5FB414776CBF00E080EE /* swyp.xcodeproj */;
				},
			);
			projectRoot = "";
			targets = (
				1D6058900D05DD3D006BFB54 /* swypPhotos */,
			);
		};
/* End PBXProject section */

/* Begin PBXReferenceProxy section */
		7951A234148B06DF003548AC /* libswyp.a */ = {
			isa = PBXReferenceProxy;
			fileType = archive.ar;
			path = libswyp.a;
			remoteRef = 7951A233148B06DF003548AC /* PBXContainerItemProxy */;
			sourceTree = BUILT_PRODUCTS_DIR;
		};
/* End PBXReferenceProxy section */

/* Begin PBXResourcesBuildPhase section */
		1D60588D0D05DD3D006BFB54 /* Resources */ = {
			isa = PBXResourcesBuildPhase;
			buildActionMask = 2147483647;
			files = (
				28AD733F0D9D9553002E5188 /* MainWindow_iPad.xib in Resources */,
				2860E38B111B897F00E27156 /* MainWindow_iPhone.xib in Resources */,
				792D5BE514153EBA0050DF57 /* swypPhotosIconHuge.png in Resources */,
				792D5C2E14167BC10050DF57 /* swypPhotosStylizedIconHuge.png in Resources */,
				79C6E1701438EB6200920C64 /* swypDraftIcon57.png in Resources */,
				79C6E1721438EB7100920C64 /* swypDraftIcon114.png in Resources */,
				79C6E1741438EB9800920C64 /* swypDraftIcon72.png in Resources */,
				797D7000143D04340086D446 /* swypIPhonePromptHud.png in Resources */,
				79BE43A4147B1C81004E8903 /* bluetooth-logo-disabled.png in Resources */,
				79BE43A5147B1C81004E8903 /* bluetooth-logo-disabled@2x.png in Resources */,
				79BE43A6147B1C81004E8903 /* bluetooth-logo-enabled.png in Resources */,
				79BE43A7147B1C81004E8903 /* bluetooth-logo-enabled@2x.png in Resources */,
				79BE43A9147B1C81004E8903 /* wifi-logo-disabled@2x.png in Resources */,
				79BE43AA147B1C81004E8903 /* wifi-logo-enabled.png in Resources */,
				79BE43AB147B1C81004E8903 /* wifi-logo-enabled@2x.png in Resources */,
				79BE43AD147B2AF8004E8903 /* wifi-logo-disabled.png in Resources */,
				7951A251148B07DB003548AC /* ELCAlbumPickerController.xib in Resources */,
				7951A254148B07DB003548AC /* ELCAssetPicker.xib in Resources */,
				7951A256148B07DB003548AC /* ELCAssetTablePicker.xib in Resources */,
				7951A258148B07DB003548AC /* ELCImagePickerController.xib in Resources */,
				7951A25B148B07DB003548AC /* Overlay.png in Resources */,
				7951A25C148B07DB003548AC /* Overlay@2x.png in Resources */,
				79C50A6A148C1C87000FDCA1 /* swypTiledContentNextPageImage.png in Resources */,
				79C50A6B148C1C87000FDCA1 /* swypTiledContentPreviousPageImage.png in Resources */,
			);
			runOnlyForDeploymentPostprocessing = 0;
		};
/* End PBXResourcesBuildPhase section */

/* Begin PBXSourcesBuildPhase section */
		1D60588E0D05DD3D006BFB54 /* Sources */ = {
			isa = PBXSourcesBuildPhase;
			buildActionMask = 2147483647;
			files = (
				1D60589B0D05DD56006BFB54 /* main.m in Sources */,
				1D3623260D0F684500981E51 /* AppDelegate_iPad.m in Sources */,
				28EEC04B1118E28000187D67 /* AppDelegate_Shared.m in Sources */,
				2819307D112F81BE00ECF9B4 /* swypPhotos.xcdatamodeld in Sources */,
				2860E38A111B897F00E27156 /* AppDelegate_iPhone.m in Sources */,
				79B6E0471441F94900CF0A28 /* UIViewAdditions.m in Sources */,
				79349760144498730059989F /* selectPhotoViewController.m in Sources */,
				7951A250148B07DB003548AC /* ELCAlbumPickerController.m in Sources */,
				7951A252148B07DB003548AC /* ELCAsset.m in Sources */,
				7951A253148B07DB003548AC /* ELCAssetCell.m in Sources */,
				7951A255148B07DB003548AC /* ELCAssetTablePicker.m in Sources */,
				7951A257148B07DB003548AC /* ELCImagePickerController.m in Sources */,
				7951A259148B07DB003548AC /* ELCImagePickerDemoAppDelegate.m in Sources */,
				7951A25A148B07DB003548AC /* ELCImagePickerDemoViewController.m in Sources */,
				79C50A63148B0AD2000FDCA1 /* grabPhotosViewController.m in Sources */,
				79C50A6E148C2362000FDCA1 /* cameraEnabledAlbumPickerController.m in Sources */,
			);
			runOnlyForDeploymentPostprocessing = 0;
		};
/* End PBXSourcesBuildPhase section */

/* Begin PBXTargetDependency section */
		7951A25E148B0821003548AC /* PBXTargetDependency */ = {
			isa = PBXTargetDependency;
			name = swyp;
			targetProxy = 7951A25D148B0821003548AC /* PBXContainerItemProxy */;
		};
/* End PBXTargetDependency section */

/* Begin XCBuildConfiguration section */
		1D6058940D05DD3E006BFB54 /* Debug */ = {
			isa = XCBuildConfiguration;
			buildSettings = {
				ALWAYS_SEARCH_USER_PATHS = NO;
				COPY_PHASE_STRIP = NO;
				GCC_DYNAMIC_NO_PIC = NO;
				GCC_OPTIMIZATION_LEVEL = 0;
				GCC_PRECOMPILE_PREFIX_HEADER = YES;
				GCC_PREFIX_HEADER = swypPhotos_Prefix.pch;
				HEADER_SEARCH_PATHS = "../lib/**";
				INFOPLIST_FILE = "swypPhotos-Info.plist";
				IPHONEOS_DEPLOYMENT_TARGET = 4.2;
				OTHER_LDFLAGS = "-all_load";
				PRODUCT_NAME = swypPhotos;
			};
			name = Debug;
		};
		1D6058950D05DD3E006BFB54 /* Release */ = {
			isa = XCBuildConfiguration;
			buildSettings = {
				ALWAYS_SEARCH_USER_PATHS = NO;
				COPY_PHASE_STRIP = YES;
				GCC_PRECOMPILE_PREFIX_HEADER = YES;
				GCC_PREFIX_HEADER = swypPhotos_Prefix.pch;
				HEADER_SEARCH_PATHS = "../lib/**";
				INFOPLIST_FILE = "swypPhotos-Info.plist";
				IPHONEOS_DEPLOYMENT_TARGET = 4.2;
				OTHER_LDFLAGS = "-all_load";
				PRODUCT_NAME = swypPhotos;
				VALIDATE_PRODUCT = YES;
			};
			name = Release;
		};
		7974F88F142D59EE001FA1E8 /* AdHoc */ = {
			isa = XCBuildConfiguration;
			buildSettings = {
				ARCHS = "$(ARCHS_STANDARD_32_BIT)";
				"CODE_SIGN_IDENTITY[sdk=iphoneos*]" = "iPhone Developer";
				GCC_C_LANGUAGE_STANDARD = c99;
				GCC_VERSION = com.apple.compilers.llvm.clang.1_0;
				GCC_WARN_ABOUT_RETURN_TYPE = YES;
				GCC_WARN_UNUSED_VARIABLE = YES;
				IPHONEOS_DEPLOYMENT_TARGET = 4.2;
				OTHER_CFLAGS = "-DNS_BLOCK_ASSERTIONS=1";
				OTHER_LDFLAGS = "-all_load";
				PREBINDING = NO;
				SDKROOT = iphoneos;
				TARGETED_DEVICE_FAMILY = "1,2";
			};
			name = AdHoc;
		};
		7974F890142D59EE001FA1E8 /* AdHoc */ = {
			isa = XCBuildConfiguration;
			buildSettings = {
				ALWAYS_SEARCH_USER_PATHS = NO;
				"CODE_SIGN_IDENTITY[sdk=iphoneos*]" = "iPhone Distribution: ExoMachina";
				COPY_PHASE_STRIP = YES;
				GCC_PRECOMPILE_PREFIX_HEADER = YES;
				GCC_PREFIX_HEADER = swypPhotos_Prefix.pch;
				HEADER_SEARCH_PATHS = "../lib/**";
				INFOPLIST_FILE = "swypPhotos-Info.plist";
				IPHONEOS_DEPLOYMENT_TARGET = 4.2;
				OTHER_LDFLAGS = "-all_load";
				PRODUCT_NAME = swypPhotos;
				"PROVISIONING_PROFILE[sdk=iphoneos*]" = "185C22AE-8C21-4746-9F19-7F72E07CD520";
				VALIDATE_PRODUCT = YES;
			};
			name = AdHoc;
		};
		C01FCF4F08A954540054247B /* Debug */ = {
			isa = XCBuildConfiguration;
			buildSettings = {
				ARCHS = "$(ARCHS_STANDARD_32_BIT)";
				"CODE_SIGN_IDENTITY[sdk=iphoneos*]" = "iPhone Developer: Alexander List (76TLAY9W6F)";
				GCC_C_LANGUAGE_STANDARD = c99;
				GCC_VERSION = com.apple.compilers.llvm.clang.1_0;
				GCC_WARN_ABOUT_RETURN_TYPE = YES;
				GCC_WARN_UNUSED_VARIABLE = YES;
				IPHONEOS_DEPLOYMENT_TARGET = 4.2;
				OTHER_LDFLAGS = "-all_load";
				PREBINDING = NO;
				"PROVISIONING_PROFILE[sdk=iphoneos*]" = "2FD97074-06EC-499A-A932-A25F51E8A741";
				SDKROOT = iphoneos;
				TARGETED_DEVICE_FAMILY = "1,2";
			};
			name = Debug;
		};
		C01FCF5008A954540054247B /* Release */ = {
			isa = XCBuildConfiguration;
			buildSettings = {
				ARCHS = "$(ARCHS_STANDARD_32_BIT)";
				"CODE_SIGN_IDENTITY[sdk=iphoneos*]" = "iPhone Developer";
				GCC_C_LANGUAGE_STANDARD = c99;
				GCC_VERSION = com.apple.compilers.llvm.clang.1_0;
				GCC_WARN_ABOUT_RETURN_TYPE = YES;
				GCC_WARN_UNUSED_VARIABLE = YES;
				IPHONEOS_DEPLOYMENT_TARGET = 4.2;
				OTHER_CFLAGS = "-DNS_BLOCK_ASSERTIONS=1";
				OTHER_LDFLAGS = "-all_load";
				PREBINDING = NO;
				SDKROOT = iphoneos;
				TARGETED_DEVICE_FAMILY = "1,2";
			};
			name = Release;
		};
/* End XCBuildConfiguration section */

/* Begin XCConfigurationList section */
		1D6058960D05DD3E006BFB54 /* Build configuration list for PBXNativeTarget "swypPhotos" */ = {
			isa = XCConfigurationList;
			buildConfigurations = (
				1D6058940D05DD3E006BFB54 /* Debug */,
				1D6058950D05DD3E006BFB54 /* Release */,
				7974F890142D59EE001FA1E8 /* AdHoc */,
			);
			defaultConfigurationIsVisible = 0;
			defaultConfigurationName = Release;
		};
		C01FCF4E08A954540054247B /* Build configuration list for PBXProject "swypPhotos" */ = {
			isa = XCConfigurationList;
			buildConfigurations = (
				C01FCF4F08A954540054247B /* Debug */,
				C01FCF5008A954540054247B /* Release */,
				7974F88F142D59EE001FA1E8 /* AdHoc */,
			);
			defaultConfigurationIsVisible = 0;
			defaultConfigurationName = Release;
		};
/* End XCConfigurationList section */

/* Begin XCVersionGroup section */
		2819307C112F81BE00ECF9B4 /* swypPhotos.xcdatamodeld */ = {
			isa = XCVersionGroup;
			children = (
				2870939E111907710040F596 /* swypPhotos.xcdatamodel */,
			);
			currentVersion = 2870939E111907710040F596 /* swypPhotos.xcdatamodel */;
			name = swypPhotos.xcdatamodeld;
			path = Shared/swypPhotos.xcdatamodeld;
			sourceTree = "<group>";
			versionGroupType = wrapper.xcdatamodel;
		};
/* End XCVersionGroup section */
	};
	rootObject = 29B97313FDCFA39411CA2CEA /* Project object */;
}
